
Microsoft Visual Studio Solution File, Format Version 10.00
# Visual Studio 2008
# SharpDevelop 4.1.0.8000
Project("{FAE04EC0-301F-11D3-BF4B-00C04F79EFBC}") = "UIAutomation", "UIAutomation\UIAutomation.csproj", "{BF63F595-4A58-49E8-97F2-7701F51F0CD1}"
EndProject
Project("{FAE04EC0-301F-11D3-BF4B-00C04F79EFBC}") = "UIAutomationTest", "UIAutomationTest\UIAutomationTest.csproj", "{526AD0F0-8A14-417F-816B-7FA9543561C4}"
EndProject
Project("{FAE04EC0-301F-11D3-BF4B-00C04F79EFBC}") = "UIAutomationTestForms", "UIAutomationTestForms\UIAutomationTestForms.csproj", "{93D529FA-32F9-41AA-BCF9-6271572503CA}"
EndProject
Project("{FAE04EC0-301F-11D3-BF4B-00C04F79EFBC}") = "TMX", "TMX\TMX.csproj", "{DFFF7F28-CFA4-4EE5-84F0-4A12A415BC0C}"
EndProject
Project("{FAE04EC0-301F-11D3-BF4B-00C04F79EFBC}") = "UIAutomationSpy", "UIAutomationSpy\UIAutomationSpy.csproj", "{7C6273A7-8D6D-413F-BC6A-AF4F97B90261}"
EndProject
Project("{FAE04EC0-301F-11D3-BF4B-00C04F79EFBC}") = "CmdletUnit", "CmdletUnit\CmdletUnit.csproj", "{36F73FA0-C636-48CF-BB7A-FE10FE52C391}"
EndProject
Project("{FAE04EC0-301F-11D3-BF4B-00C04F79EFBC}") = "TMXTest", "TMXTest\TMXTest.csproj", "{D78E2D93-CEC6-417D-B8ED-6BBA5ACA2D11}"
EndProject
Project("{FAE04EC0-301F-11D3-BF4B-00C04F79EFBC}") = "UIAutomationAliases", "UIAutomationAliases\UIAutomationAliases.csproj", "{B04D766F-3377-433F-B4A2-6DB8E060B954}"
EndProject
Global
	GlobalSection(SolutionConfigurationPlatforms) = preSolution
		Debug|Any CPU = Debug|Any CPU
		Debug|x86 = Debug|x86
		Release|Any CPU = Release|Any CPU
		Release|x86 = Release|x86
		Release35|Any CPU = Release35|Any CPU
		Release35|x86 = Release35|x86
		Debug|Release35 = Debug|Release35
		Release|Release35 = Release|Release35
		Release35|Release35 = Release35|Release35
		Debug|Release40 = Debug|Release40
		Release|Release40 = Release|Release40
		Release35|Release40 = Release35|Release40
		Release40|Any CPU = Release40|Any CPU
		Release40|x86 = Release40|x86
		Release40|Release35 = Release40|Release35
		Release40|Release40 = Release40|Release40
	EndGlobalSection
	GlobalSection(ProjectConfigurationPlatforms) = postSolution
		{BF63F595-4A58-49E8-97F2-7701F51F0CD1}.Debug|Any CPU.ActiveCfg = Debug|x86
		{BF63F595-4A58-49E8-97F2-7701F51F0CD1}.Debug|x86.ActiveCfg = Debug|x86
		{BF63F595-4A58-49E8-97F2-7701F51F0CD1}.Debug|x86.Build.0 = Debug|x86
		{BF63F595-4A58-49E8-97F2-7701F51F0CD1}.Release|Any CPU.ActiveCfg = Release|Any CPU
		{BF63F595-4A58-49E8-97F2-7701F51F0CD1}.Release|Any CPU.Build.0 = Release|Any CPU
		{BF63F595-4A58-49E8-97F2-7701F51F0CD1}.Release|x86.ActiveCfg = Release|x86
		{BF63F595-4A58-49E8-97F2-7701F51F0CD1}.Release|x86.Build.0 = Release|x86
		{526AD0F0-8A14-417F-816B-7FA9543561C4}.Debug|Any CPU.ActiveCfg = Debug|x86
		{526AD0F0-8A14-417F-816B-7FA9543561C4}.Debug|x86.ActiveCfg = Debug|x86
		{526AD0F0-8A14-417F-816B-7FA9543561C4}.Debug|x86.Build.0 = Debug|x86
		{526AD0F0-8A14-417F-816B-7FA9543561C4}.Release|Any CPU.ActiveCfg = Release|x86
		{526AD0F0-8A14-417F-816B-7FA9543561C4}.Release|x86.ActiveCfg = Release|x86
		{526AD0F0-8A14-417F-816B-7FA9543561C4}.Release|x86.Build.0 = Release|x86
		{93D529FA-32F9-41AA-BCF9-6271572503CA}.Debug|Any CPU.ActiveCfg = Debug|x86
		{93D529FA-32F9-41AA-BCF9-6271572503CA}.Debug|Any CPU.Build.0 = Debug|x86
		{93D529FA-32F9-41AA-BCF9-6271572503CA}.Debug|x86.ActiveCfg = Debug|x86
		{93D529FA-32F9-41AA-BCF9-6271572503CA}.Debug|x86.Build.0 = Debug|x86
		{93D529FA-32F9-41AA-BCF9-6271572503CA}.Release|Any CPU.ActiveCfg = Release|x86
		{93D529FA-32F9-41AA-BCF9-6271572503CA}.Release|x86.ActiveCfg = Release|x86
		{93D529FA-32F9-41AA-BCF9-6271572503CA}.Release|x86.Build.0 = Release|x86
		{DFFF7F28-CFA4-4EE5-84F0-4A12A415BC0C}.Debug|Any CPU.Build.0 = Debug|x86
		{DFFF7F28-CFA4-4EE5-84F0-4A12A415BC0C}.Debug|Any CPU.ActiveCfg = Debug|x86
		{DFFF7F28-CFA4-4EE5-84F0-4A12A415BC0C}.Debug|x86.Build.0 = Debug|x86
		{DFFF7F28-CFA4-4EE5-84F0-4A12A415BC0C}.Debug|x86.ActiveCfg = Debug|x86
		{DFFF7F28-CFA4-4EE5-84F0-4A12A415BC0C}.Release|Any CPU.Build.0 = Release|x86
		{DFFF7F28-CFA4-4EE5-84F0-4A12A415BC0C}.Release|Any CPU.ActiveCfg = Release|x86
		{DFFF7F28-CFA4-4EE5-84F0-4A12A415BC0C}.Release|x86.Build.0 = Release|x86
		{DFFF7F28-CFA4-4EE5-84F0-4A12A415BC0C}.Release|x86.ActiveCfg = Release|x86
		{7C6273A7-8D6D-413F-BC6A-AF4F97B90261}.Debug|Any CPU.Build.0 = Debug|x86
		{7C6273A7-8D6D-413F-BC6A-AF4F97B90261}.Debug|Any CPU.ActiveCfg = Debug|x86
		{7C6273A7-8D6D-413F-BC6A-AF4F97B90261}.Debug|x86.Build.0 = Debug|x86
		{7C6273A7-8D6D-413F-BC6A-AF4F97B90261}.Debug|x86.ActiveCfg = Debug|x86
		{7C6273A7-8D6D-413F-BC6A-AF4F97B90261}.Release|Any CPU.Build.0 = Release|x86
		{7C6273A7-8D6D-413F-BC6A-AF4F97B90261}.Release|Any CPU.ActiveCfg = Release|x86
		{7C6273A7-8D6D-413F-BC6A-AF4F97B90261}.Release|x86.Build.0 = Release|x86
		{7C6273A7-8D6D-413F-BC6A-AF4F97B90261}.Release|x86.ActiveCfg = Release|x86
		{36F73FA0-C636-48CF-BB7A-FE10FE52C391}.Debug|Any CPU.Build.0 = Debug|x86
		{36F73FA0-C636-48CF-BB7A-FE10FE52C391}.Debug|Any CPU.ActiveCfg = Debug|x86
		{36F73FA0-C636-48CF-BB7A-FE10FE52C391}.Debug|x86.Build.0 = Debug|x86
		{36F73FA0-C636-48CF-BB7A-FE10FE52C391}.Debug|x86.ActiveCfg = Debug|x86
		{36F73FA0-C636-48CF-BB7A-FE10FE52C391}.Release|Any CPU.Build.0 = Release|x86
		{36F73FA0-C636-48CF-BB7A-FE10FE52C391}.Release|Any CPU.ActiveCfg = Release|x86
		{36F73FA0-C636-48CF-BB7A-FE10FE52C391}.Release|x86.Build.0 = Release|x86
		{36F73FA0-C636-48CF-BB7A-FE10FE52C391}.Release|x86.ActiveCfg = Release|x86
		{D78E2D93-CEC6-417D-B8ED-6BBA5ACA2D11}.Debug|Any CPU.Build.0 = Debug|x86
		{D78E2D93-CEC6-417D-B8ED-6BBA5ACA2D11}.Debug|Any CPU.ActiveCfg = Debug|x86
		{D78E2D93-CEC6-417D-B8ED-6BBA5ACA2D11}.Debug|x86.Build.0 = Debug|x86
		{D78E2D93-CEC6-417D-B8ED-6BBA5ACA2D11}.Debug|x86.ActiveCfg = Debug|x86
		{D78E2D93-CEC6-417D-B8ED-6BBA5ACA2D11}.Release|Any CPU.Build.0 = Release|x86
		{D78E2D93-CEC6-417D-B8ED-6BBA5ACA2D11}.Release|Any CPU.ActiveCfg = Release|x86
		{D78E2D93-CEC6-417D-B8ED-6BBA5ACA2D11}.Release|x86.Build.0 = Release|x86
		{D78E2D93-CEC6-417D-B8ED-6BBA5ACA2D11}.Release|x86.ActiveCfg = Release|x86
		{B04D766F-3377-433F-B4A2-6DB8E060B954}.Debug|Any CPU.Build.0 = Debug|x86
		{B04D766F-3377-433F-B4A2-6DB8E060B954}.Debug|Any CPU.ActiveCfg = Debug|x86
		{B04D766F-3377-433F-B4A2-6DB8E060B954}.Debug|x86.Build.0 = Debug|x86
		{B04D766F-3377-433F-B4A2-6DB8E060B954}.Debug|x86.ActiveCfg = Debug|x86
		{B04D766F-3377-433F-B4A2-6DB8E060B954}.Release|Any CPU.Build.0 = Release|x86
		{B04D766F-3377-433F-B4A2-6DB8E060B954}.Release|Any CPU.ActiveCfg = Release|x86
		{B04D766F-3377-433F-B4A2-6DB8E060B954}.Release|x86.Build.0 = Release|x86
		{B04D766F-3377-433F-B4A2-6DB8E060B954}.Release|x86.ActiveCfg = Release|x86
		{B04D766F-3377-433F-B4A2-6DB8E060B954}.Release35|Any CPU.Build.0 = Release35|x86
		{B04D766F-3377-433F-B4A2-6DB8E060B954}.Release35|Any CPU.ActiveCfg = Release35|x86
		{D78E2D93-CEC6-417D-B8ED-6BBA5ACA2D11}.Release35|Any CPU.Build.0 = Release35|x86
		{D78E2D93-CEC6-417D-B8ED-6BBA5ACA2D11}.Release35|Any CPU.ActiveCfg = Release35|x86
		{36F73FA0-C636-48CF-BB7A-FE10FE52C391}.Release35|Any CPU.Build.0 = Release35|x86
		{36F73FA0-C636-48CF-BB7A-FE10FE52C391}.Release35|Any CPU.ActiveCfg = Release35|x86
		{7C6273A7-8D6D-413F-BC6A-AF4F97B90261}.Release35|Any CPU.Build.0 = Release35|x86
		{7C6273A7-8D6D-413F-BC6A-AF4F97B90261}.Release35|Any CPU.ActiveCfg = Release35|x86
		{DFFF7F28-CFA4-4EE5-84F0-4A12A415BC0C}.Release35|Any CPU.Build.0 = Release35|x86
		{DFFF7F28-CFA4-4EE5-84F0-4A12A415BC0C}.Release35|Any CPU.ActiveCfg = Release35|x86
		{93D529FA-32F9-41AA-BCF9-6271572503CA}.Release35|Any CPU.Build.0 = Release35|x86
		{93D529FA-32F9-41AA-BCF9-6271572503CA}.Release35|Any CPU.ActiveCfg = Release35|x86
		{526AD0F0-8A14-417F-816B-7FA9543561C4}.Release35|Any CPU.Build.0 = Release35|x86
		{526AD0F0-8A14-417F-816B-7FA9543561C4}.Release35|Any CPU.ActiveCfg = Release35|x86
		{BF63F595-4A58-49E8-97F2-7701F51F0CD1}.Release35|Any CPU.Build.0 = Release35|Any CPU
		{BF63F595-4A58-49E8-97F2-7701F51F0CD1}.Release35|Any CPU.ActiveCfg = Release35|Any CPU
		{B04D766F-3377-433F-B4A2-6DB8E060B954}.Release35|x86.Build.0 = Release35|x86
		{B04D766F-3377-433F-B4A2-6DB8E060B954}.Release35|x86.ActiveCfg = Release35|x86
		{D78E2D93-CEC6-417D-B8ED-6BBA5ACA2D11}.Release35|x86.Build.0 = Release35|x86
		{D78E2D93-CEC6-417D-B8ED-6BBA5ACA2D11}.Release35|x86.ActiveCfg = Release35|x86
		{36F73FA0-C636-48CF-BB7A-FE10FE52C391}.Release35|x86.Build.0 = Release35|x86
		{36F73FA0-C636-48CF-BB7A-FE10FE52C391}.Release35|x86.ActiveCfg = Release35|x86
		{7C6273A7-8D6D-413F-BC6A-AF4F97B90261}.Release35|x86.Build.0 = Release35|x86
		{7C6273A7-8D6D-413F-BC6A-AF4F97B90261}.Release35|x86.ActiveCfg = Release35|x86
		{DFFF7F28-CFA4-4EE5-84F0-4A12A415BC0C}.Release35|x86.Build.0 = Release35|x86
		{DFFF7F28-CFA4-4EE5-84F0-4A12A415BC0C}.Release35|x86.ActiveCfg = Release35|x86
		{93D529FA-32F9-41AA-BCF9-6271572503CA}.Release35|x86.Build.0 = Release35|x86
		{93D529FA-32F9-41AA-BCF9-6271572503CA}.Release35|x86.ActiveCfg = Release35|x86
		{526AD0F0-8A14-417F-816B-7FA9543561C4}.Release35|x86.Build.0 = Release35|x86
		{526AD0F0-8A14-417F-816B-7FA9543561C4}.Release35|x86.ActiveCfg = Release35|x86
		{BF63F595-4A58-49E8-97F2-7701F51F0CD1}.Release35|x86.Build.0 = Release35|x86
		{BF63F595-4A58-49E8-97F2-7701F51F0CD1}.Release35|x86.ActiveCfg = Release35|x86
		{B04D766F-3377-433F-B4A2-6DB8E060B954}.Debug|Release35.Build.0 = Debug|Release35
		{B04D766F-3377-433F-B4A2-6DB8E060B954}.Debug|Release35.ActiveCfg = Debug|Release35
		{D78E2D93-CEC6-417D-B8ED-6BBA5ACA2D11}.Debug|Release35.Build.0 = Debug|Release35
		{D78E2D93-CEC6-417D-B8ED-6BBA5ACA2D11}.Debug|Release35.ActiveCfg = Debug|Release35
		{36F73FA0-C636-48CF-BB7A-FE10FE52C391}.Debug|Release35.Build.0 = Debug|Release35
		{36F73FA0-C636-48CF-BB7A-FE10FE52C391}.Debug|Release35.ActiveCfg = Debug|Release35
		{7C6273A7-8D6D-413F-BC6A-AF4F97B90261}.Debug|Release35.Build.0 = Debug|Release35
		{7C6273A7-8D6D-413F-BC6A-AF4F97B90261}.Debug|Release35.ActiveCfg = Debug|Release35
		{DFFF7F28-CFA4-4EE5-84F0-4A12A415BC0C}.Debug|Release35.Build.0 = Debug|Release35
		{DFFF7F28-CFA4-4EE5-84F0-4A12A415BC0C}.Debug|Release35.ActiveCfg = Debug|Release35
		{93D529FA-32F9-41AA-BCF9-6271572503CA}.Debug|Release35.Build.0 = Debug|Release35
		{93D529FA-32F9-41AA-BCF9-6271572503CA}.Debug|Release35.ActiveCfg = Debug|Release35
		{526AD0F0-8A14-417F-816B-7FA9543561C4}.Debug|Release35.Build.0 = Debug|Release35
		{526AD0F0-8A14-417F-816B-7FA9543561C4}.Debug|Release35.ActiveCfg = Debug|Release35
		{BF63F595-4A58-49E8-97F2-7701F51F0CD1}.Debug|Release35.Build.0 = Debug|Release35
		{BF63F595-4A58-49E8-97F2-7701F51F0CD1}.Debug|Release35.ActiveCfg = Debug|Release35
		{B04D766F-3377-433F-B4A2-6DB8E060B954}.Release|Release35.Build.0 = Release|Release35
		{B04D766F-3377-433F-B4A2-6DB8E060B954}.Release|Release35.ActiveCfg = Release|Release35
		{D78E2D93-CEC6-417D-B8ED-6BBA5ACA2D11}.Release|Release35.Build.0 = Release|Release35
		{D78E2D93-CEC6-417D-B8ED-6BBA5ACA2D11}.Release|Release35.ActiveCfg = Release|Release35
		{36F73FA0-C636-48CF-BB7A-FE10FE52C391}.Release|Release35.Build.0 = Release|Release35
		{36F73FA0-C636-48CF-BB7A-FE10FE52C391}.Release|Release35.ActiveCfg = Release|Release35
		{7C6273A7-8D6D-413F-BC6A-AF4F97B90261}.Release|Release35.Build.0 = Release|Release35
		{7C6273A7-8D6D-413F-BC6A-AF4F97B90261}.Release|Release35.ActiveCfg = Release|Release35
		{DFFF7F28-CFA4-4EE5-84F0-4A12A415BC0C}.Release|Release35.Build.0 = Release|Release35
		{DFFF7F28-CFA4-4EE5-84F0-4A12A415BC0C}.Release|Release35.ActiveCfg = Release|Release35
		{93D529FA-32F9-41AA-BCF9-6271572503CA}.Release|Release35.Build.0 = Release|Release35
		{93D529FA-32F9-41AA-BCF9-6271572503CA}.Release|Release35.ActiveCfg = Release|Release35
		{526AD0F0-8A14-417F-816B-7FA9543561C4}.Release|Release35.Build.0 = Release|Release35
		{526AD0F0-8A14-417F-816B-7FA9543561C4}.Release|Release35.ActiveCfg = Release|Release35
		{BF63F595-4A58-49E8-97F2-7701F51F0CD1}.Release|Release35.Build.0 = Release|Release35
		{BF63F595-4A58-49E8-97F2-7701F51F0CD1}.Release|Release35.ActiveCfg = Release|Release35
		{B04D766F-3377-433F-B4A2-6DB8E060B954}.Release35|Release35.Build.0 = Release35|Release35
		{B04D766F-3377-433F-B4A2-6DB8E060B954}.Release35|Release35.ActiveCfg = Release35|Release35
		{D78E2D93-CEC6-417D-B8ED-6BBA5ACA2D11}.Release35|Release35.Build.0 = Release35|Release35
		{D78E2D93-CEC6-417D-B8ED-6BBA5ACA2D11}.Release35|Release35.ActiveCfg = Release35|Release35
		{36F73FA0-C636-48CF-BB7A-FE10FE52C391}.Release35|Release35.Build.0 = Release35|Release35
		{36F73FA0-C636-48CF-BB7A-FE10FE52C391}.Release35|Release35.ActiveCfg = Release35|Release35
		{7C6273A7-8D6D-413F-BC6A-AF4F97B90261}.Release35|Release35.Build.0 = Release35|Release35
		{7C6273A7-8D6D-413F-BC6A-AF4F97B90261}.Release35|Release35.ActiveCfg = Release35|Release35
		{DFFF7F28-CFA4-4EE5-84F0-4A12A415BC0C}.Release35|Release35.Build.0 = Release35|Release35
		{DFFF7F28-CFA4-4EE5-84F0-4A12A415BC0C}.Release35|Release35.ActiveCfg = Release35|Release35
		{93D529FA-32F9-41AA-BCF9-6271572503CA}.Release35|Release35.Build.0 = Release35|Release35
		{93D529FA-32F9-41AA-BCF9-6271572503CA}.Release35|Release35.ActiveCfg = Release35|Release35
		{526AD0F0-8A14-417F-816B-7FA9543561C4}.Release35|Release35.Build.0 = Release35|Release35
		{526AD0F0-8A14-417F-816B-7FA9543561C4}.Release35|Release35.ActiveCfg = Release35|Release35
		{BF63F595-4A58-49E8-97F2-7701F51F0CD1}.Release35|Release35.Build.0 = Release35|Release35
		{BF63F595-4A58-49E8-97F2-7701F51F0CD1}.Release35|Release35.ActiveCfg = Release35|Release35
		{B04D766F-3377-433F-B4A2-6DB8E060B954}.Debug|Release40.Build.0 = Debug|Release40
		{B04D766F-3377-433F-B4A2-6DB8E060B954}.Debug|Release40.ActiveCfg = Debug|Release40
		{D78E2D93-CEC6-417D-B8ED-6BBA5ACA2D11}.Debug|Release40.Build.0 = Debug|Release40
		{D78E2D93-CEC6-417D-B8ED-6BBA5ACA2D11}.Debug|Release40.ActiveCfg = Debug|Release40
		{36F73FA0-C636-48CF-BB7A-FE10FE52C391}.Debug|Release40.Build.0 = Debug|Release40
		{36F73FA0-C636-48CF-BB7A-FE10FE52C391}.Debug|Release40.ActiveCfg = Debug|Release40
		{7C6273A7-8D6D-413F-BC6A-AF4F97B90261}.Debug|Release40.Build.0 = Debug|Release40
		{7C6273A7-8D6D-413F-BC6A-AF4F97B90261}.Debug|Release40.ActiveCfg = Debug|Release40
		{DFFF7F28-CFA4-4EE5-84F0-4A12A415BC0C}.Debug|Release40.Build.0 = Debug|Release40
		{DFFF7F28-CFA4-4EE5-84F0-4A12A415BC0C}.Debug|Release40.ActiveCfg = Debug|Release40
		{93D529FA-32F9-41AA-BCF9-6271572503CA}.Debug|Release40.Build.0 = Debug|Release40
		{93D529FA-32F9-41AA-BCF9-6271572503CA}.Debug|Release40.ActiveCfg = Debug|Release40
		{526AD0F0-8A14-417F-816B-7FA9543561C4}.Debug|Release40.Build.0 = Debug|Release40
		{526AD0F0-8A14-417F-816B-7FA9543561C4}.Debug|Release40.ActiveCfg = Debug|Release40
		{BF63F595-4A58-49E8-97F2-7701F51F0CD1}.Debug|Release40.Build.0 = Debug|Release40
		{BF63F595-4A58-49E8-97F2-7701F51F0CD1}.Debug|Release40.ActiveCfg = Debug|Release40
		{B04D766F-3377-433F-B4A2-6DB8E060B954}.Release|Release40.Build.0 = Release|Release40
		{B04D766F-3377-433F-B4A2-6DB8E060B954}.Release|Release40.ActiveCfg = Release|Release40
		{D78E2D93-CEC6-417D-B8ED-6BBA5ACA2D11}.Release|Release40.Build.0 = Release|Release40
		{D78E2D93-CEC6-417D-B8ED-6BBA5ACA2D11}.Release|Release40.ActiveCfg = Release|Release40
		{36F73FA0-C636-48CF-BB7A-FE10FE52C391}.Release|Release40.Build.0 = Release|Release40
		{36F73FA0-C636-48CF-BB7A-FE10FE52C391}.Release|Release40.ActiveCfg = Release|Release40
		{7C6273A7-8D6D-413F-BC6A-AF4F97B90261}.Release|Release40.Build.0 = Release|Release40
		{7C6273A7-8D6D-413F-BC6A-AF4F97B90261}.Release|Release40.ActiveCfg = Release|Release40
		{DFFF7F28-CFA4-4EE5-84F0-4A12A415BC0C}.Release|Release40.Build.0 = Release|Release40
		{DFFF7F28-CFA4-4EE5-84F0-4A12A415BC0C}.Release|Release40.ActiveCfg = Release|Release40
		{93D529FA-32F9-41AA-BCF9-6271572503CA}.Release|Release40.Build.0 = Release|Release40
		{93D529FA-32F9-41AA-BCF9-6271572503CA}.Release|Release40.ActiveCfg = Release|Release40
		{526AD0F0-8A14-417F-816B-7FA9543561C4}.Release|Release40.Build.0 = Release|Release40
		{526AD0F0-8A14-417F-816B-7FA9543561C4}.Release|Release40.ActiveCfg = Release|Release40
		{BF63F595-4A58-49E8-97F2-7701F51F0CD1}.Release|Release40.Build.0 = Release|Release40
		{BF63F595-4A58-49E8-97F2-7701F51F0CD1}.Release|Release40.ActiveCfg = Release|Release40
		{B04D766F-3377-433F-B4A2-6DB8E060B954}.Release35|Release40.Build.0 = Release35|Release40
		{B04D766F-3377-433F-B4A2-6DB8E060B954}.Release35|Release40.ActiveCfg = Release35|Release40
		{D78E2D93-CEC6-417D-B8ED-6BBA5ACA2D11}.Release35|Release40.Build.0 = Release35|Release40
		{D78E2D93-CEC6-417D-B8ED-6BBA5ACA2D11}.Release35|Release40.ActiveCfg = Release35|Release40
		{36F73FA0-C636-48CF-BB7A-FE10FE52C391}.Release35|Release40.Build.0 = Release35|Release40
		{36F73FA0-C636-48CF-BB7A-FE10FE52C391}.Release35|Release40.ActiveCfg = Release35|Release40
		{7C6273A7-8D6D-413F-BC6A-AF4F97B90261}.Release35|Release40.Build.0 = Release35|Release40
		{7C6273A7-8D6D-413F-BC6A-AF4F97B90261}.Release35|Release40.ActiveCfg = Release35|Release40
		{DFFF7F28-CFA4-4EE5-84F0-4A12A415BC0C}.Release35|Release40.Build.0 = Release35|Release40
		{DFFF7F28-CFA4-4EE5-84F0-4A12A415BC0C}.Release35|Release40.ActiveCfg = Release35|Release40
		{93D529FA-32F9-41AA-BCF9-6271572503CA}.Release35|Release40.Build.0 = Release35|Release40
		{93D529FA-32F9-41AA-BCF9-6271572503CA}.Release35|Release40.ActiveCfg = Release35|Release40
		{526AD0F0-8A14-417F-816B-7FA9543561C4}.Release35|Release40.Build.0 = Release35|Release40
		{526AD0F0-8A14-417F-816B-7FA9543561C4}.Release35|Release40.ActiveCfg = Release35|Release40
		{BF63F595-4A58-49E8-97F2-7701F51F0CD1}.Release35|Release40.Build.0 = Release35|Release40
		{BF63F595-4A58-49E8-97F2-7701F51F0CD1}.Release35|Release40.ActiveCfg = Release35|Release40
		{B04D766F-3377-433F-B4A2-6DB8E060B954}.Release40|Any CPU.Build.0 = Release40|x86
		{B04D766F-3377-433F-B4A2-6DB8E060B954}.Release40|Any CPU.ActiveCfg = Release40|x86
		{D78E2D93-CEC6-417D-B8ED-6BBA5ACA2D11}.Release40|Any CPU.Build.0 = Release40|x86
		{D78E2D93-CEC6-417D-B8ED-6BBA5ACA2D11}.Release40|Any CPU.ActiveCfg = Release40|x86
		{36F73FA0-C636-48CF-BB7A-FE10FE52C391}.Release40|Any CPU.Build.0 = Release40|x86
		{36F73FA0-C636-48CF-BB7A-FE10FE52C391}.Release40|Any CPU.ActiveCfg = Release40|x86
		{7C6273A7-8D6D-413F-BC6A-AF4F97B90261}.Release40|Any CPU.Build.0 = Release40|x86
		{7C6273A7-8D6D-413F-BC6A-AF4F97B90261}.Release40|Any CPU.ActiveCfg = Release40|x86
		{DFFF7F28-CFA4-4EE5-84F0-4A12A415BC0C}.Release40|Any CPU.Build.0 = Release40|x86
		{DFFF7F28-CFA4-4EE5-84F0-4A12A415BC0C}.Release40|Any CPU.ActiveCfg = Release40|x86
		{93D529FA-32F9-41AA-BCF9-6271572503CA}.Release40|Any CPU.Build.0 = Release40|x86
		{93D529FA-32F9-41AA-BCF9-6271572503CA}.Release40|Any CPU.ActiveCfg = Release40|x86
		{526AD0F0-8A14-417F-816B-7FA9543561C4}.Release40|Any CPU.Build.0 = Release40|x86
		{526AD0F0-8A14-417F-816B-7FA9543561C4}.Release40|Any CPU.ActiveCfg = Release40|x86
		{BF63F595-4A58-49E8-97F2-7701F51F0CD1}.Release40|Any CPU.Build.0 = Release40|Any CPU
		{BF63F595-4A58-49E8-97F2-7701F51F0CD1}.Release40|Any CPU.ActiveCfg = Release40|Any CPU
		{B04D766F-3377-433F-B4A2-6DB8E060B954}.Release40|x86.Build.0 = Release40|x86
		{B04D766F-3377-433F-B4A2-6DB8E060B954}.Release40|x86.ActiveCfg = Release40|x86
		{D78E2D93-CEC6-417D-B8ED-6BBA5ACA2D11}.Release40|x86.Build.0 = Release40|x86
		{D78E2D93-CEC6-417D-B8ED-6BBA5ACA2D11}.Release40|x86.ActiveCfg = Release40|x86
		{36F73FA0-C636-48CF-BB7A-FE10FE52C391}.Release40|x86.Build.0 = Release40|x86
		{36F73FA0-C636-48CF-BB7A-FE10FE52C391}.Release40|x86.ActiveCfg = Release40|x86
		{7C6273A7-8D6D-413F-BC6A-AF4F97B90261}.Release40|x86.Build.0 = Release40|x86
		{7C6273A7-8D6D-413F-BC6A-AF4F97B90261}.Release40|x86.ActiveCfg = Release40|x86
		{DFFF7F28-CFA4-4EE5-84F0-4A12A415BC0C}.Release40|x86.Build.0 = Release40|x86
		{DFFF7F28-CFA4-4EE5-84F0-4A12A415BC0C}.Release40|x86.ActiveCfg = Release40|x86
		{93D529FA-32F9-41AA-BCF9-6271572503CA}.Release40|x86.Build.0 = Release40|x86
		{93D529FA-32F9-41AA-BCF9-6271572503CA}.Release40|x86.ActiveCfg = Release40|x86
		{526AD0F0-8A14-417F-816B-7FA9543561C4}.Release40|x86.Build.0 = Release40|x86
		{526AD0F0-8A14-417F-816B-7FA9543561C4}.Release40|x86.ActiveCfg = Release40|x86
		{BF63F595-4A58-49E8-97F2-7701F51F0CD1}.Release40|x86.Build.0 = Release40|x86
		{BF63F595-4A58-49E8-97F2-7701F51F0CD1}.Release40|x86.ActiveCfg = Release40|x86
		{B04D766F-3377-433F-B4A2-6DB8E060B954}.Release40|Release35.Build.0 = Release40|Release35
		{B04D766F-3377-433F-B4A2-6DB8E060B954}.Release40|Release35.ActiveCfg = Release40|Release35
		{D78E2D93-CEC6-417D-B8ED-6BBA5ACA2D11}.Release40|Release35.Build.0 = Release40|Release35
		{D78E2D93-CEC6-417D-B8ED-6BBA5ACA2D11}.Release40|Release35.ActiveCfg = Release40|Release35
		{36F73FA0-C636-48CF-BB7A-FE10FE52C391}.Release40|Release35.Build.0 = Release40|Release35
		{36F73FA0-C636-48CF-BB7A-FE10FE52C391}.Release40|Release35.ActiveCfg = Release40|Release35
		{7C6273A7-8D6D-413F-BC6A-AF4F97B90261}.Release40|Release35.Build.0 = Release40|Release35
		{7C6273A7-8D6D-413F-BC6A-AF4F97B90261}.Release40|Release35.ActiveCfg = Release40|Release35
		{DFFF7F28-CFA4-4EE5-84F0-4A12A415BC0C}.Release40|Release35.Build.0 = Release40|Release35
		{DFFF7F28-CFA4-4EE5-84F0-4A12A415BC0C}.Release40|Release35.ActiveCfg = Release40|Release35
		{93D529FA-32F9-41AA-BCF9-6271572503CA}.Release40|Release35.Build.0 = Release40|Release35
		{93D529FA-32F9-41AA-BCF9-6271572503CA}.Release40|Release35.ActiveCfg = Release40|Release35
		{526AD0F0-8A14-417F-816B-7FA9543561C4}.Release40|Release35.Build.0 = Release40|Release35
		{526AD0F0-8A14-417F-816B-7FA9543561C4}.Release40|Release35.ActiveCfg = Release40|Release35
		{BF63F595-4A58-49E8-97F2-7701F51F0CD1}.Release40|Release35.Build.0 = Release40|Release35
		{BF63F595-4A58-49E8-97F2-7701F51F0CD1}.Release40|Release35.ActiveCfg = Release40|Release35
		{B04D766F-3377-433F-B4A2-6DB8E060B954}.Release40|Release40.Build.0 = Release40|Release40
		{B04D766F-3377-433F-B4A2-6DB8E060B954}.Release40|Release40.ActiveCfg = Release40|Release40
		{D78E2D93-CEC6-417D-B8ED-6BBA5ACA2D11}.Release40|Release40.Build.0 = Release40|Release40
		{D78E2D93-CEC6-417D-B8ED-6BBA5ACA2D11}.Release40|Release40.ActiveCfg = Release40|Release40
		{36F73FA0-C636-48CF-BB7A-FE10FE52C391}.Release40|Release40.Build.0 = Release40|Release40
		{36F73FA0-C636-48CF-BB7A-FE10FE52C391}.Release40|Release40.ActiveCfg = Release40|Release40
		{7C6273A7-8D6D-413F-BC6A-AF4F97B90261}.Release40|Release40.Build.0 = Release40|Release40
		{7C6273A7-8D6D-413F-BC6A-AF4F97B90261}.Release40|Release40.ActiveCfg = Release40|Release40
		{DFFF7F28-CFA4-4EE5-84F0-4A12A415BC0C}.Release40|Release40.Build.0 = Release40|Release40
		{DFFF7F28-CFA4-4EE5-84F0-4A12A415BC0C}.Release40|Release40.ActiveCfg = Release40|Release40
		{93D529FA-32F9-41AA-BCF9-6271572503CA}.Release40|Release40.Build.0 = Release40|Release40
		{93D529FA-32F9-41AA-BCF9-6271572503CA}.Release40|Release40.ActiveCfg = Release40|Release40
		{526AD0F0-8A14-417F-816B-7FA9543561C4}.Release40|Release40.Build.0 = Release40|Release40
		{526AD0F0-8A14-417F-816B-7FA9543561C4}.Release40|Release40.ActiveCfg = Release40|Release40
		{BF63F595-4A58-49E8-97F2-7701F51F0CD1}.Release40|Release40.Build.0 = Release40|Release40
		{BF63F595-4A58-49E8-97F2-7701F51F0CD1}.Release40|Release40.ActiveCfg = Release40|Release40
	EndGlobalSection
	GlobalSection(SolutionProperties) = preSolution
		HideSolutionNode = FALSE
	EndGlobalSection
EndGlobal
